// !$*UTF8*$!
{
	archiveVersion = 1;
	classes = {
	};
	objectVersion = 56;
	objects = {

/* Begin PBXBuildFile section */
		C42163982B78D96C00BB210F /* UserDetailsResponseBuilder.swift in Sources */ = {isa = PBXBuildFile; fileRef = C4C422DE2B73BD780026C957 /* UserDetailsResponseBuilder.swift */; };
		C42163992B78D96C00BB210F /* GithubUserListResponse.swift in Sources */ = {isa = PBXBuildFile; fileRef = C4C422E32B73BD780026C957 /* GithubUserListResponse.swift */; };
		C421639A2B78D96C00BB210F /* NetworkService.swift in Sources */ = {isa = PBXBuildFile; fileRef = C4C422DB2B73BD780026C957 /* NetworkService.swift */; };
		C421639B2B78D96C00BB210F /* UserReposResponse.swift in Sources */ = {isa = PBXBuildFile; fileRef = C4C422DF2B73BD780026C957 /* UserReposResponse.swift */; };
		C421639C2B78D96C00BB210F /* UserDetailsServerModel.swift in Sources */ = {isa = PBXBuildFile; fileRef = C4C422E52B73BD780026C957 /* UserDetailsServerModel.swift */; };
		C421639D2B78D96C00BB210F /* GithubRepo.swift in Sources */ = {isa = PBXBuildFile; fileRef = C4C422E72B73BD780026C957 /* GithubRepo.swift */; };
		C421639E2B78D96C00BB210F /* GithubUserListResponseBuilder.swift in Sources */ = {isa = PBXBuildFile; fileRef = C4C422E12B73BD780026C957 /* GithubUserListResponseBuilder.swift */; };
		C421639F2B78D96C00BB210F /* SearchDetailsRequest.swift in Sources */ = {isa = PBXBuildFile; fileRef = C4C422E82B73BD780026C957 /* SearchDetailsRequest.swift */; };
		C42163A02B78D96C00BB210F /* UserDetailsResponse.swift in Sources */ = {isa = PBXBuildFile; fileRef = C4C422E22B73BD780026C957 /* UserDetailsResponse.swift */; };
		C42163A12B78D96C00BB210F /* UserServerModel.swift in Sources */ = {isa = PBXBuildFile; fileRef = C4C422E62B73BD780026C957 /* UserServerModel.swift */; };
		C42163A22B78D96C00BB210F /* UserReposResponseBuilder.swift in Sources */ = {isa = PBXBuildFile; fileRef = C4C422E02B73BD780026C957 /* UserReposResponseBuilder.swift */; };
		C42163A32B78EA4E00BB210F /* ParsingError.swift in Sources */ = {isa = PBXBuildFile; fileRef = C4C422E92B73BD780026C957 /* ParsingError.swift */; };
		C42163A62B78EBBC00BB210F /* GithubService.swift in Sources */ = {isa = PBXBuildFile; fileRef = C42163A52B78EBBC00BB210F /* GithubService.swift */; };
		C42163A82B78ED0400BB210F /* Result.swift in Sources */ = {isa = PBXBuildFile; fileRef = C42163A72B78ED0400BB210F /* Result.swift */; };
		C42163AE2B78ED7800BB210F /* HttpStatus.swift in Sources */ = {isa = PBXBuildFile; fileRef = C42163A92B78ED7700BB210F /* HttpStatus.swift */; };
		C42163AF2B78ED7800BB210F /* RawDataInitializable.swift in Sources */ = {isa = PBXBuildFile; fileRef = C42163AA2B78ED7700BB210F /* RawDataInitializable.swift */; };
		C42163B12B78ED7800BB210F /* FunctionalComposition.swift in Sources */ = {isa = PBXBuildFile; fileRef = C42163AC2B78ED7700BB210F /* FunctionalComposition.swift */; };
		C42163B22B78ED7800BB210F /* DateFormatter.swift in Sources */ = {isa = PBXBuildFile; fileRef = C42163AD2B78ED7800BB210F /* DateFormatter.swift */; };
		C42163B42B78FB1B00BB210F /* Task.swift in Sources */ = {isa = PBXBuildFile; fileRef = C42163B32B78FB1B00BB210F /* Task.swift */; };
		C4C4229C2B7394F70026C957 /* AppDelegate.swift in Sources */ = {isa = PBXBuildFile; fileRef = C4C4229B2B7394F70026C957 /* AppDelegate.swift */; };
		C4C422A52B7394F90026C957 /* Assets.xcassets in Resources */ = {isa = PBXBuildFile; fileRef = C4C422A42B7394F90026C957 /* Assets.xcassets */; };
		C4C422A82B7394FA0026C957 /* LaunchScreen.storyboard in Resources */ = {isa = PBXBuildFile; fileRef = C4C422A62B7394FA0026C957 /* LaunchScreen.storyboard */; };
		C4C422BB2B739F0D0026C957 /* BaseController.swift in Sources */ = {isa = PBXBuildFile; fileRef = C4C422BA2B739F0D0026C957 /* BaseController.swift */; };
		C4C422BE2B739F450026C957 /* Extensions.swift in Sources */ = {isa = PBXBuildFile; fileRef = C4C422BD2B739F450026C957 /* Extensions.swift */; };
		C4C422C12B73A0690026C957 /* UserSearchViewController.swift in Sources */ = {isa = PBXBuildFile; fileRef = C4C422BF2B73A0690026C957 /* UserSearchViewController.swift */; };
		C4C422C22B73A0690026C957 /* UserSearchViewController.xib in Resources */ = {isa = PBXBuildFile; fileRef = C4C422C02B73A0690026C957 /* UserSearchViewController.xib */; };
		C4C422C42B73A2AF0026C957 /* UserSearchProtocols.swift in Sources */ = {isa = PBXBuildFile; fileRef = C4C422C32B73A2AE0026C957 /* UserSearchProtocols.swift */; };
		C4C422C62B73A2C20026C957 /* UserSearchPresenter.swift in Sources */ = {isa = PBXBuildFile; fileRef = C4C422C52B73A2C20026C957 /* UserSearchPresenter.swift */; };
		C4C422C82B73A2DA0026C957 /* UserSearchRouter.swift in Sources */ = {isa = PBXBuildFile; fileRef = C4C422C72B73A2DA0026C957 /* UserSearchRouter.swift */; };
		C4C422CA2B73A2EF0026C957 /* UserSearchAssembler.swift in Sources */ = {isa = PBXBuildFile; fileRef = C4C422C92B73A2EF0026C957 /* UserSearchAssembler.swift */; };
		C4C422CE2B73B3D10026C957 /* UserCell.swift in Sources */ = {isa = PBXBuildFile; fileRef = C4C422CC2B73B3D10026C957 /* UserCell.swift */; };
		C4C422CF2B73B3D10026C957 /* UserCell.xib in Resources */ = {isa = PBXBuildFile; fileRef = C4C422CD2B73B3D10026C957 /* UserCell.xib */; };
		C4C422D22B73B4380026C957 /* Kingfisher in Frameworks */ = {isa = PBXBuildFile; productRef = C4C422D12B73B4380026C957 /* Kingfisher */; };
		C4C422D52B73B7E80026C957 /* Configurable.swift in Sources */ = {isa = PBXBuildFile; fileRef = C4C422D42B73B7E80026C957 /* Configurable.swift */; };
		C4C422D72B73B8090026C957 /* Reusable.swift in Sources */ = {isa = PBXBuildFile; fileRef = C4C422D62B73B8090026C957 /* Reusable.swift */; };
		C4C422D92B73B8230026C957 /* NibLoadableView.swift in Sources */ = {isa = PBXBuildFile; fileRef = C4C422D82B73B8230026C957 /* NibLoadableView.swift */; };
		C4C422F82B73BEAF0026C957 /* UserDetailsViewController.swift in Sources */ = {isa = PBXBuildFile; fileRef = C4C422F62B73BEAF0026C957 /* UserDetailsViewController.swift */; };
		C4C422F92B73BEAF0026C957 /* UserDetailsViewController.xib in Resources */ = {isa = PBXBuildFile; fileRef = C4C422F72B73BEAF0026C957 /* UserDetailsViewController.xib */; };
		C4C422FB2B73BEDA0026C957 /* UserDetailsProtocols.swift in Sources */ = {isa = PBXBuildFile; fileRef = C4C422FA2B73BEDA0026C957 /* UserDetailsProtocols.swift */; };
		C4C422FD2B73BEE40026C957 /* UserDetailsPresenter.swift in Sources */ = {isa = PBXBuildFile; fileRef = C4C422FC2B73BEE40026C957 /* UserDetailsPresenter.swift */; };
		C4C422FF2B73BEEF0026C957 /* UserDetailsRouter.swift in Sources */ = {isa = PBXBuildFile; fileRef = C4C422FE2B73BEEF0026C957 /* UserDetailsRouter.swift */; };
		C4C423012B73BEFD0026C957 /* UserDetailsAssembler.swift in Sources */ = {isa = PBXBuildFile; fileRef = C4C423002B73BEFD0026C957 /* UserDetailsAssembler.swift */; };
/* End PBXBuildFile section */

/* Begin PBXFileReference section */
		C42163A52B78EBBC00BB210F /* GithubService.swift */ = {isa = PBXFileReference; fileEncoding = 4; lastKnownFileType = sourcecode.swift; path = GithubService.swift; sourceTree = "<group>"; };
		C42163A72B78ED0400BB210F /* Result.swift */ = {isa = PBXFileReference; fileEncoding = 4; lastKnownFileType = sourcecode.swift; path = Result.swift; sourceTree = "<group>"; };
		C42163A92B78ED7700BB210F /* HttpStatus.swift */ = {isa = PBXFileReference; fileEncoding = 4; lastKnownFileType = sourcecode.swift; path = HttpStatus.swift; sourceTree = "<group>"; };
		C42163AA2B78ED7700BB210F /* RawDataInitializable.swift */ = {isa = PBXFileReference; fileEncoding = 4; lastKnownFileType = sourcecode.swift; path = RawDataInitializable.swift; sourceTree = "<group>"; };
		C42163AC2B78ED7700BB210F /* FunctionalComposition.swift */ = {isa = PBXFileReference; fileEncoding = 4; lastKnownFileType = sourcecode.swift; path = FunctionalComposition.swift; sourceTree = "<group>"; };
		C42163AD2B78ED7800BB210F /* DateFormatter.swift */ = {isa = PBXFileReference; fileEncoding = 4; lastKnownFileType = sourcecode.swift; path = DateFormatter.swift; sourceTree = "<group>"; };
		C42163B32B78FB1B00BB210F /* Task.swift */ = {isa = PBXFileReference; fileEncoding = 4; lastKnownFileType = sourcecode.swift; path = Task.swift; sourceTree = "<group>"; };
		C4C422982B7394F70026C957 /* AmofintechTask.app */ = {isa = PBXFileReference; explicitFileType = wrapper.application; includeInIndex = 0; path = AmofintechTask.app; sourceTree = BUILT_PRODUCTS_DIR; };
		C4C4229B2B7394F70026C957 /* AppDelegate.swift */ = {isa = PBXFileReference; lastKnownFileType = sourcecode.swift; path = AppDelegate.swift; sourceTree = "<group>"; };
		C4C422A42B7394F90026C957 /* Assets.xcassets */ = {isa = PBXFileReference; lastKnownFileType = folder.assetcatalog; path = Assets.xcassets; sourceTree = "<group>"; };
		C4C422A72B7394FA0026C957 /* Base */ = {isa = PBXFileReference; lastKnownFileType = file.storyboard; name = Base; path = Base.lproj/LaunchScreen.storyboard; sourceTree = "<group>"; };
		C4C422A92B7394FA0026C957 /* Info.plist */ = {isa = PBXFileReference; lastKnownFileType = text.plist.xml; path = Info.plist; sourceTree = "<group>"; };
		C4C422BA2B739F0D0026C957 /* BaseController.swift */ = {isa = PBXFileReference; fileEncoding = 4; lastKnownFileType = sourcecode.swift; path = BaseController.swift; sourceTree = "<group>"; };
		C4C422BD2B739F450026C957 /* Extensions.swift */ = {isa = PBXFileReference; lastKnownFileType = sourcecode.swift; path = Extensions.swift; sourceTree = "<group>"; };
		C4C422BF2B73A0690026C957 /* UserSearchViewController.swift */ = {isa = PBXFileReference; lastKnownFileType = sourcecode.swift; path = UserSearchViewController.swift; sourceTree = "<group>"; };
		C4C422C02B73A0690026C957 /* UserSearchViewController.xib */ = {isa = PBXFileReference; lastKnownFileType = file.xib; path = UserSearchViewController.xib; sourceTree = "<group>"; };
		C4C422C32B73A2AE0026C957 /* UserSearchProtocols.swift */ = {isa = PBXFileReference; lastKnownFileType = sourcecode.swift; path = UserSearchProtocols.swift; sourceTree = "<group>"; };
		C4C422C52B73A2C20026C957 /* UserSearchPresenter.swift */ = {isa = PBXFileReference; lastKnownFileType = sourcecode.swift; path = UserSearchPresenter.swift; sourceTree = "<group>"; };
		C4C422C72B73A2DA0026C957 /* UserSearchRouter.swift */ = {isa = PBXFileReference; lastKnownFileType = sourcecode.swift; path = UserSearchRouter.swift; sourceTree = "<group>"; };
		C4C422C92B73A2EF0026C957 /* UserSearchAssembler.swift */ = {isa = PBXFileReference; lastKnownFileType = sourcecode.swift; path = UserSearchAssembler.swift; sourceTree = "<group>"; };
		C4C422CC2B73B3D10026C957 /* UserCell.swift */ = {isa = PBXFileReference; lastKnownFileType = sourcecode.swift; path = UserCell.swift; sourceTree = "<group>"; };
		C4C422CD2B73B3D10026C957 /* UserCell.xib */ = {isa = PBXFileReference; lastKnownFileType = file.xib; path = UserCell.xib; sourceTree = "<group>"; };
		C4C422D42B73B7E80026C957 /* Configurable.swift */ = {isa = PBXFileReference; lastKnownFileType = sourcecode.swift; path = Configurable.swift; sourceTree = "<group>"; };
		C4C422D62B73B8090026C957 /* Reusable.swift */ = {isa = PBXFileReference; lastKnownFileType = sourcecode.swift; path = Reusable.swift; sourceTree = "<group>"; };
		C4C422D82B73B8230026C957 /* NibLoadableView.swift */ = {isa = PBXFileReference; lastKnownFileType = sourcecode.swift; path = NibLoadableView.swift; sourceTree = "<group>"; };
		C4C422DB2B73BD780026C957 /* NetworkService.swift */ = {isa = PBXFileReference; fileEncoding = 4; lastKnownFileType = sourcecode.swift; path = NetworkService.swift; sourceTree = "<group>"; };
		C4C422DE2B73BD780026C957 /* UserDetailsResponseBuilder.swift */ = {isa = PBXFileReference; fileEncoding = 4; lastKnownFileType = sourcecode.swift; path = UserDetailsResponseBuilder.swift; sourceTree = "<group>"; };
		C4C422DF2B73BD780026C957 /* UserReposResponse.swift */ = {isa = PBXFileReference; fileEncoding = 4; lastKnownFileType = sourcecode.swift; path = UserReposResponse.swift; sourceTree = "<group>"; };
		C4C422E02B73BD780026C957 /* UserReposResponseBuilder.swift */ = {isa = PBXFileReference; fileEncoding = 4; lastKnownFileType = sourcecode.swift; path = UserReposResponseBuilder.swift; sourceTree = "<group>"; };
		C4C422E12B73BD780026C957 /* GithubUserListResponseBuilder.swift */ = {isa = PBXFileReference; fileEncoding = 4; lastKnownFileType = sourcecode.swift; path = GithubUserListResponseBuilder.swift; sourceTree = "<group>"; };
		C4C422E22B73BD780026C957 /* UserDetailsResponse.swift */ = {isa = PBXFileReference; fileEncoding = 4; lastKnownFileType = sourcecode.swift; path = UserDetailsResponse.swift; sourceTree = "<group>"; };
		C4C422E32B73BD780026C957 /* GithubUserListResponse.swift */ = {isa = PBXFileReference; fileEncoding = 4; lastKnownFileType = sourcecode.swift; path = GithubUserListResponse.swift; sourceTree = "<group>"; };
		C4C422E52B73BD780026C957 /* UserDetailsServerModel.swift */ = {isa = PBXFileReference; fileEncoding = 4; lastKnownFileType = sourcecode.swift; path = UserDetailsServerModel.swift; sourceTree = "<group>"; };
		C4C422E62B73BD780026C957 /* UserServerModel.swift */ = {isa = PBXFileReference; fileEncoding = 4; lastKnownFileType = sourcecode.swift; path = UserServerModel.swift; sourceTree = "<group>"; };
		C4C422E72B73BD780026C957 /* GithubRepo.swift */ = {isa = PBXFileReference; fileEncoding = 4; lastKnownFileType = sourcecode.swift; path = GithubRepo.swift; sourceTree = "<group>"; };
		C4C422E82B73BD780026C957 /* SearchDetailsRequest.swift */ = {isa = PBXFileReference; fileEncoding = 4; lastKnownFileType = sourcecode.swift; path = SearchDetailsRequest.swift; sourceTree = "<group>"; };
		C4C422E92B73BD780026C957 /* ParsingError.swift */ = {isa = PBXFileReference; fileEncoding = 4; lastKnownFileType = sourcecode.swift; path = ParsingError.swift; sourceTree = "<group>"; };
		C4C422F62B73BEAF0026C957 /* UserDetailsViewController.swift */ = {isa = PBXFileReference; lastKnownFileType = sourcecode.swift; path = UserDetailsViewController.swift; sourceTree = "<group>"; };
		C4C422F72B73BEAF0026C957 /* UserDetailsViewController.xib */ = {isa = PBXFileReference; lastKnownFileType = file.xib; path = UserDetailsViewController.xib; sourceTree = "<group>"; };
		C4C422FA2B73BEDA0026C957 /* UserDetailsProtocols.swift */ = {isa = PBXFileReference; lastKnownFileType = sourcecode.swift; path = UserDetailsProtocols.swift; sourceTree = "<group>"; };
		C4C422FC2B73BEE40026C957 /* UserDetailsPresenter.swift */ = {isa = PBXFileReference; lastKnownFileType = sourcecode.swift; path = UserDetailsPresenter.swift; sourceTree = "<group>"; };
		C4C422FE2B73BEEF0026C957 /* UserDetailsRouter.swift */ = {isa = PBXFileReference; lastKnownFileType = sourcecode.swift; path = UserDetailsRouter.swift; sourceTree = "<group>"; };
		C4C423002B73BEFD0026C957 /* UserDetailsAssembler.swift */ = {isa = PBXFileReference; lastKnownFileType = sourcecode.swift; path = UserDetailsAssembler.swift; sourceTree = "<group>"; };
/* End PBXFileReference section */

/* Begin PBXFrameworksBuildPhase section */
		C4C422952B7394F70026C957 /* Frameworks */ = {
			isa = PBXFrameworksBuildPhase;
			buildActionMask = 2147483647;
			files = (
				C4C422D22B73B4380026C957 /* Kingfisher in Frameworks */,
			);
			runOnlyForDeploymentPostprocessing = 0;
		};
/* End PBXFrameworksBuildPhase section */

/* Begin PBXGroup section */
		C42163A42B78EBAF00BB210F /* Services */ = {
			isa = PBXGroup;
			children = (
				C42163A52B78EBBC00BB210F /* GithubService.swift */,
			);
			path = Services;
			sourceTree = "<group>";
		};
		C4C4228F2B7394F70026C957 = {
			isa = PBXGroup;
			children = (
				C4C4229A2B7394F70026C957 /* AmofintechTask */,
				C4C422992B7394F70026C957 /* Products */,
			);
			sourceTree = "<group>";
		};
		C4C422992B7394F70026C957 /* Products */ = {
			isa = PBXGroup;
			children = (
				C4C422982B7394F70026C957 /* AmofintechTask.app */,
			);
			name = Products;
			sourceTree = "<group>";
		};
		C4C4229A2B7394F70026C957 /* AmofintechTask */ = {
			isa = PBXGroup;
			children = (
				C4C422B52B739D430026C957 /* Resources */,
				C4C422B32B739C5B0026C957 /* Sources */,
				C4C422AF2B739C0A0026C957 /* Modules */,
			);
			path = AmofintechTask;
			sourceTree = "<group>";
		};
		C4C422AF2B739C0A0026C957 /* Modules */ = {
			isa = PBXGroup;
			children = (
				C4C422B22B739C400026C957 /* UserDetails */,
				C4C422B12B739C340026C957 /* UserSearch */,
				C4C422B02B739C170026C957 /* Launch */,
			);
			path = Modules;
			sourceTree = "<group>";
		};
		C4C422B02B739C170026C957 /* Launch */ = {
			isa = PBXGroup;
			children = (
				C4C422A62B7394FA0026C957 /* LaunchScreen.storyboard */,
			);
			path = Launch;
			sourceTree = "<group>";
		};
		C4C422B12B739C340026C957 /* UserSearch */ = {
			isa = PBXGroup;
			children = (
				C4C422CB2B73B3560026C957 /* Cells */,
				C4C422BF2B73A0690026C957 /* UserSearchViewController.swift */,
				C4C422C02B73A0690026C957 /* UserSearchViewController.xib */,
				C4C422C32B73A2AE0026C957 /* UserSearchProtocols.swift */,
				C4C422C52B73A2C20026C957 /* UserSearchPresenter.swift */,
				C4C422C72B73A2DA0026C957 /* UserSearchRouter.swift */,
				C4C422C92B73A2EF0026C957 /* UserSearchAssembler.swift */,
			);
			path = UserSearch;
			sourceTree = "<group>";
		};
		C4C422B22B739C400026C957 /* UserDetails */ = {
			isa = PBXGroup;
			children = (
				C4C422F62B73BEAF0026C957 /* UserDetailsViewController.swift */,
				C4C422F72B73BEAF0026C957 /* UserDetailsViewController.xib */,
				C4C422FA2B73BEDA0026C957 /* UserDetailsProtocols.swift */,
				C4C422FC2B73BEE40026C957 /* UserDetailsPresenter.swift */,
				C4C422FE2B73BEEF0026C957 /* UserDetailsRouter.swift */,
				C4C423002B73BEFD0026C957 /* UserDetailsAssembler.swift */,
			);
			path = UserDetails;
			sourceTree = "<group>";
		};
		C4C422B32B739C5B0026C957 /* Sources */ = {
			isa = PBXGroup;
			children = (
				C42163A42B78EBAF00BB210F /* Services */,
				C4C422DA2B73BD780026C957 /* Networking */,
				C4C422B82B739E850026C957 /* Common */,
				C4C422B42B739C660026C957 /* Application */,
			);
			path = Sources;
			sourceTree = "<group>";
		};
		C4C422B42B739C660026C957 /* Application */ = {
			isa = PBXGroup;
			children = (
				C4C4229B2B7394F70026C957 /* AppDelegate.swift */,
			);
			path = Application;
			sourceTree = "<group>";
		};
		C4C422B52B739D430026C957 /* Resources */ = {
			isa = PBXGroup;
			children = (
				C4C422B72B739D660026C957 /* Assets */,
				C4C422B62B739D560026C957 /* Plists */,
			);
			path = Resources;
			sourceTree = "<group>";
		};
		C4C422B62B739D560026C957 /* Plists */ = {
			isa = PBXGroup;
			children = (
				C4C422A92B7394FA0026C957 /* Info.plist */,
			);
			path = Plists;
			sourceTree = "<group>";
		};
		C4C422B72B739D660026C957 /* Assets */ = {
			isa = PBXGroup;
			children = (
				C4C422A42B7394F90026C957 /* Assets.xcassets */,
			);
			path = Assets;
			sourceTree = "<group>";
		};
		C4C422B82B739E850026C957 /* Common */ = {
			isa = PBXGroup;
			children = (
				C4C422D32B73B7C40026C957 /* Helpers */,
				C4C422BC2B739F1F0026C957 /* Extensions */,
				C4C422B92B739EF10026C957 /* Base */,
			);
			path = Common;
			sourceTree = "<group>";
		};
		C4C422B92B739EF10026C957 /* Base */ = {
			isa = PBXGroup;
			children = (
				C4C422BA2B739F0D0026C957 /* BaseController.swift */,
			);
			path = Base;
			sourceTree = "<group>";
		};
		C4C422BC2B739F1F0026C957 /* Extensions */ = {
			isa = PBXGroup;
			children = (
				C4C422BD2B739F450026C957 /* Extensions.swift */,
			);
			path = Extensions;
			sourceTree = "<group>";
		};
		C4C422CB2B73B3560026C957 /* Cells */ = {
			isa = PBXGroup;
			children = (
				C4C422CC2B73B3D10026C957 /* UserCell.swift */,
				C4C422CD2B73B3D10026C957 /* UserCell.xib */,
			);
			path = Cells;
			sourceTree = "<group>";
		};
		C4C422D32B73B7C40026C957 /* Helpers */ = {
			isa = PBXGroup;
			children = (
				C42163B32B78FB1B00BB210F /* Task.swift */,
				C42163AD2B78ED7800BB210F /* DateFormatter.swift */,
				C42163AC2B78ED7700BB210F /* FunctionalComposition.swift */,
				C42163AA2B78ED7700BB210F /* RawDataInitializable.swift */,
				C42163A72B78ED0400BB210F /* Result.swift */,
				C4C422D42B73B7E80026C957 /* Configurable.swift */,
				C4C422D62B73B8090026C957 /* Reusable.swift */,
				C4C422D82B73B8230026C957 /* NibLoadableView.swift */,
			);
			path = Helpers;
			sourceTree = "<group>";
		};
		C4C422DA2B73BD780026C957 /* Networking */ = {
			isa = PBXGroup;
			children = (
				C42163A92B78ED7700BB210F /* HttpStatus.swift */,
				C4C422E92B73BD780026C957 /* ParsingError.swift */,
				C4C422DB2B73BD780026C957 /* NetworkService.swift */,
				C4C422DC2B73BD780026C957 /* Github */,
			);
			path = Networking;
			sourceTree = "<group>";
		};
		C4C422DC2B73BD780026C957 /* Github */ = {
			isa = PBXGroup;
			children = (
				C4C422DD2B73BD780026C957 /* Response */,
				C4C422E42B73BD780026C957 /* Models */,
				C4C422E82B73BD780026C957 /* SearchDetailsRequest.swift */,
			);
			path = Github;
			sourceTree = "<group>";
		};
		C4C422DD2B73BD780026C957 /* Response */ = {
			isa = PBXGroup;
			children = (
				C4C422DE2B73BD780026C957 /* UserDetailsResponseBuilder.swift */,
				C4C422DF2B73BD780026C957 /* UserReposResponse.swift */,
				C4C422E02B73BD780026C957 /* UserReposResponseBuilder.swift */,
				C4C422E12B73BD780026C957 /* GithubUserListResponseBuilder.swift */,
				C4C422E22B73BD780026C957 /* UserDetailsResponse.swift */,
				C4C422E32B73BD780026C957 /* GithubUserListResponse.swift */,
			);
			path = Response;
			sourceTree = "<group>";
		};
		C4C422E42B73BD780026C957 /* Models */ = {
			isa = PBXGroup;
			children = (
				C4C422E52B73BD780026C957 /* UserDetailsServerModel.swift */,
				C4C422E62B73BD780026C957 /* UserServerModel.swift */,
				C4C422E72B73BD780026C957 /* GithubRepo.swift */,
			);
			path = Models;
			sourceTree = "<group>";
		};
/* End PBXGroup section */

/* Begin PBXNativeTarget section */
		C4C422972B7394F70026C957 /* AmofintechTask */ = {
			isa = PBXNativeTarget;
			buildConfigurationList = C4C422AC2B7394FA0026C957 /* Build configuration list for PBXNativeTarget "AmofintechTask" */;
			buildPhases = (
				C4C422942B7394F70026C957 /* Sources */,
				C4C422952B7394F70026C957 /* Frameworks */,
				C4C422962B7394F70026C957 /* Resources */,
			);
			buildRules = (
			);
			dependencies = (
			);
			name = AmofintechTask;
			packageProductDependencies = (
				C4C422D12B73B4380026C957 /* Kingfisher */,
			);
			productName = AmofintechTask;
			productReference = C4C422982B7394F70026C957 /* AmofintechTask.app */;
			productType = "com.apple.product-type.application";
		};
/* End PBXNativeTarget section */

/* Begin PBXProject section */
		C4C422902B7394F70026C957 /* Project object */ = {
			isa = PBXProject;
			attributes = {
				BuildIndependentTargetsInParallel = 1;
				LastSwiftUpdateCheck = 1500;
				LastUpgradeCheck = 1500;
				TargetAttributes = {
					C4C422972B7394F70026C957 = {
						CreatedOnToolsVersion = 15.0.1;
					};
				};
			};
			buildConfigurationList = C4C422932B7394F70026C957 /* Build configuration list for PBXProject "AmofintechTask" */;
			compatibilityVersion = "Xcode 14.0";
			developmentRegion = en;
			hasScannedForEncodings = 0;
			knownRegions = (
				en,
				Base,
			);
			mainGroup = C4C4228F2B7394F70026C957;
			packageReferences = (
				C4C422D02B73B4380026C957 /* XCRemoteSwiftPackageReference "Kingfisher" */,
			);
			productRefGroup = C4C422992B7394F70026C957 /* Products */;
			projectDirPath = "";
			projectRoot = "";
			targets = (
				C4C422972B7394F70026C957 /* AmofintechTask */,
			);
		};
/* End PBXProject section */

/* Begin PBXResourcesBuildPhase section */
		C4C422962B7394F70026C957 /* Resources */ = {
			isa = PBXResourcesBuildPhase;
			buildActionMask = 2147483647;
			files = (
				C4C422F92B73BEAF0026C957 /* UserDetailsViewController.xib in Resources */,
				C4C422CF2B73B3D10026C957 /* UserCell.xib in Resources */,
				C4C422C22B73A0690026C957 /* UserSearchViewController.xib in Resources */,
				C4C422A82B7394FA0026C957 /* LaunchScreen.storyboard in Resources */,
				C4C422A52B7394F90026C957 /* Assets.xcassets in Resources */,
			);
			runOnlyForDeploymentPostprocessing = 0;
		};
/* End PBXResourcesBuildPhase section */

/* Begin PBXSourcesBuildPhase section */
		C4C422942B7394F70026C957 /* Sources */ = {
			isa = PBXSourcesBuildPhase;
			buildActionMask = 2147483647;
			files = (
				C42163B22B78ED7800BB210F /* DateFormatter.swift in Sources */,
				C421639C2B78D96C00BB210F /* UserDetailsServerModel.swift in Sources */,
				C42163AF2B78ED7800BB210F /* RawDataInitializable.swift in Sources */,
				C4C422D92B73B8230026C957 /* NibLoadableView.swift in Sources */,
				C421639E2B78D96C00BB210F /* GithubUserListResponseBuilder.swift in Sources */,
				C4C422F82B73BEAF0026C957 /* UserDetailsViewController.swift in Sources */,
				C42163992B78D96C00BB210F /* GithubUserListResponse.swift in Sources */,
				C421639D2B78D96C00BB210F /* GithubRepo.swift in Sources */,
				C4C422D52B73B7E80026C957 /* Configurable.swift in Sources */,
				C42163A22B78D96C00BB210F /* UserReposResponseBuilder.swift in Sources */,
				C42163A62B78EBBC00BB210F /* GithubService.swift in Sources */,
				C4C422D72B73B8090026C957 /* Reusable.swift in Sources */,
				C4C422FF2B73BEEF0026C957 /* UserDetailsRouter.swift in Sources */,
				C4C422BB2B739F0D0026C957 /* BaseController.swift in Sources */,
				C42163982B78D96C00BB210F /* UserDetailsResponseBuilder.swift in Sources */,
				C4C422C82B73A2DA0026C957 /* UserSearchRouter.swift in Sources */,
				C42163B42B78FB1B00BB210F /* Task.swift in Sources */,
				C42163A12B78D96C00BB210F /* UserServerModel.swift in Sources */,
				C42163AE2B78ED7800BB210F /* HttpStatus.swift in Sources */,
				C42163A02B78D96C00BB210F /* UserDetailsResponse.swift in Sources */,
				C421639B2B78D96C00BB210F /* UserReposResponse.swift in Sources */,
				C42163A82B78ED0400BB210F /* Result.swift in Sources */,
				C4C422C62B73A2C20026C957 /* UserSearchPresenter.swift in Sources */,
				C42163A32B78EA4E00BB210F /* ParsingError.swift in Sources */,
				C421639A2B78D96C00BB210F /* NetworkService.swift in Sources */,
				C4C422C12B73A0690026C957 /* UserSearchViewController.swift in Sources */,
				C4C422FB2B73BEDA0026C957 /* UserDetailsProtocols.swift in Sources */,
				C4C422BE2B739F450026C957 /* Extensions.swift in Sources */,
				C421639F2B78D96C00BB210F /* SearchDetailsRequest.swift in Sources */,
				C4C422CE2B73B3D10026C957 /* UserCell.swift in Sources */,
				C4C422C42B73A2AF0026C957 /* UserSearchProtocols.swift in Sources */,
				C4C4229C2B7394F70026C957 /* AppDelegate.swift in Sources */,
				C4C422FD2B73BEE40026C957 /* UserDetailsPresenter.swift in Sources */,
				C4C423012B73BEFD0026C957 /* UserDetailsAssembler.swift in Sources */,
				C4C422CA2B73A2EF0026C957 /* UserSearchAssembler.swift in Sources */,
				C42163B12B78ED7800BB210F /* FunctionalComposition.swift in Sources */,
			);
			runOnlyForDeploymentPostprocessing = 0;
		};
/* End PBXSourcesBuildPhase section */

/* Begin PBXVariantGroup section */
		C4C422A62B7394FA0026C957 /* LaunchScreen.storyboard */ = {
			isa = PBXVariantGroup;
			children = (
				C4C422A72B7394FA0026C957 /* Base */,
			);
			name = LaunchScreen.storyboard;
			sourceTree = "<group>";
		};
/* End PBXVariantGroup section */

/* Begin XCBuildConfiguration section */
		C4C422AA2B7394FA0026C957 /* Debug */ = {
			isa = XCBuildConfiguration;
			buildSettings = {
				ALWAYS_SEARCH_USER_PATHS = NO;
				ASSETCATALOG_COMPILER_GENERATE_SWIFT_ASSET_SYMBOL_EXTENSIONS = YES;
				CLANG_ANALYZER_NONNULL = YES;
				CLANG_ANALYZER_NUMBER_OBJECT_CONVERSION = YES_AGGRESSIVE;
				CLANG_CXX_LANGUAGE_STANDARD = "gnu++20";
				CLANG_ENABLE_MODULES = YES;
				CLANG_ENABLE_OBJC_ARC = YES;
				CLANG_ENABLE_OBJC_WEAK = YES;
				CLANG_WARN_BLOCK_CAPTURE_AUTORELEASING = YES;
				CLANG_WARN_BOOL_CONVERSION = YES;
				CLANG_WARN_COMMA = YES;
				CLANG_WARN_CONSTANT_CONVERSION = YES;
				CLANG_WARN_DEPRECATED_OBJC_IMPLEMENTATIONS = YES;
				CLANG_WARN_DIRECT_OBJC_ISA_USAGE = YES_ERROR;
				CLANG_WARN_DOCUMENTATION_COMMENTS = YES;
				CLANG_WARN_EMPTY_BODY = YES;
				CLANG_WARN_ENUM_CONVERSION = YES;
				CLANG_WARN_INFINITE_RECURSION = YES;
				CLANG_WARN_INT_CONVERSION = YES;
				CLANG_WARN_NON_LITERAL_NULL_CONVERSION = YES;
				CLANG_WARN_OBJC_IMPLICIT_RETAIN_SELF = YES;
				CLANG_WARN_OBJC_LITERAL_CONVERSION = YES;
				CLANG_WARN_OBJC_ROOT_CLASS = YES_ERROR;
				CLANG_WARN_QUOTED_INCLUDE_IN_FRAMEWORK_HEADER = YES;
				CLANG_WARN_RANGE_LOOP_ANALYSIS = YES;
				CLANG_WARN_STRICT_PROTOTYPES = YES;
				CLANG_WARN_SUSPICIOUS_MOVE = YES;
				CLANG_WARN_UNGUARDED_AVAILABILITY = YES_AGGRESSIVE;
				CLANG_WARN_UNREACHABLE_CODE = YES;
				CLANG_WARN__DUPLICATE_METHOD_MATCH = YES;
				COPY_PHASE_STRIP = NO;
				DEBUG_INFORMATION_FORMAT = dwarf;
				ENABLE_STRICT_OBJC_MSGSEND = YES;
				ENABLE_TESTABILITY = YES;
				ENABLE_USER_SCRIPT_SANDBOXING = YES;
				GCC_C_LANGUAGE_STANDARD = gnu17;
				GCC_DYNAMIC_NO_PIC = NO;
				GCC_NO_COMMON_BLOCKS = YES;
				GCC_OPTIMIZATION_LEVEL = 0;
				GCC_PREPROCESSOR_DEFINITIONS = (
					"DEBUG=1",
					"$(inherited)",
				);
				GCC_WARN_64_TO_32_BIT_CONVERSION = YES;
				GCC_WARN_ABOUT_RETURN_TYPE = YES_ERROR;
				GCC_WARN_UNDECLARED_SELECTOR = YES;
				GCC_WARN_UNINITIALIZED_AUTOS = YES_AGGRESSIVE;
				GCC_WARN_UNUSED_FUNCTION = YES;
				GCC_WARN_UNUSED_VARIABLE = YES;
				IPHONEOS_DEPLOYMENT_TARGET = 17.0;
				LOCALIZATION_PREFERS_STRING_CATALOGS = YES;
				MTL_ENABLE_DEBUG_INFO = INCLUDE_SOURCE;
				MTL_FAST_MATH = YES;
				ONLY_ACTIVE_ARCH = YES;
				SDKROOT = iphoneos;
				SWIFT_ACTIVE_COMPILATION_CONDITIONS = "DEBUG $(inherited)";
				SWIFT_OPTIMIZATION_LEVEL = "-Onone";
			};
			name = Debug;
		};
		C4C422AB2B7394FA0026C957 /* Release */ = {
			isa = XCBuildConfiguration;
			buildSettings = {
				ALWAYS_SEARCH_USER_PATHS = NO;
				ASSETCATALOG_COMPILER_GENERATE_SWIFT_ASSET_SYMBOL_EXTENSIONS = YES;
				CLANG_ANALYZER_NONNULL = YES;
				CLANG_ANALYZER_NUMBER_OBJECT_CONVERSION = YES_AGGRESSIVE;
				CLANG_CXX_LANGUAGE_STANDARD = "gnu++20";
				CLANG_ENABLE_MODULES = YES;
				CLANG_ENABLE_OBJC_ARC = YES;
				CLANG_ENABLE_OBJC_WEAK = YES;
				CLANG_WARN_BLOCK_CAPTURE_AUTORELEASING = YES;
				CLANG_WARN_BOOL_CONVERSION = YES;
				CLANG_WARN_COMMA = YES;
				CLANG_WARN_CONSTANT_CONVERSION = YES;
				CLANG_WARN_DEPRECATED_OBJC_IMPLEMENTATIONS = YES;
				CLANG_WARN_DIRECT_OBJC_ISA_USAGE = YES_ERROR;
				CLANG_WARN_DOCUMENTATION_COMMENTS = YES;
				CLANG_WARN_EMPTY_BODY = YES;
				CLANG_WARN_ENUM_CONVERSION = YES;
				CLANG_WARN_INFINITE_RECURSION = YES;
				CLANG_WARN_INT_CONVERSION = YES;
				CLANG_WARN_NON_LITERAL_NULL_CONVERSION = YES;
				CLANG_WARN_OBJC_IMPLICIT_RETAIN_SELF = YES;
				CLANG_WARN_OBJC_LITERAL_CONVERSION = YES;
				CLANG_WARN_OBJC_ROOT_CLASS = YES_ERROR;
				CLANG_WARN_QUOTED_INCLUDE_IN_FRAMEWORK_HEADER = YES;
				CLANG_WARN_RANGE_LOOP_ANALYSIS = YES;
				CLANG_WARN_STRICT_PROTOTYPES = YES;
				CLANG_WARN_SUSPICIOUS_MOVE = YES;
				CLANG_WARN_UNGUARDED_AVAILABILITY = YES_AGGRESSIVE;
				CLANG_WARN_UNREACHABLE_CODE = YES;
				CLANG_WARN__DUPLICATE_METHOD_MATCH = YES;
				COPY_PHASE_STRIP = NO;
				DEBUG_INFORMATION_FORMAT = "dwarf-with-dsym";
				ENABLE_NS_ASSERTIONS = NO;
				ENABLE_STRICT_OBJC_MSGSEND = YES;
				ENABLE_USER_SCRIPT_SANDBOXING = YES;
				GCC_C_LANGUAGE_STANDARD = gnu17;
				GCC_NO_COMMON_BLOCKS = YES;
				GCC_WARN_64_TO_32_BIT_CONVERSION = YES;
				GCC_WARN_ABOUT_RETURN_TYPE = YES_ERROR;
				GCC_WARN_UNDECLARED_SELECTOR = YES;
				GCC_WARN_UNINITIALIZED_AUTOS = YES_AGGRESSIVE;
				GCC_WARN_UNUSED_FUNCTION = YES;
				GCC_WARN_UNUSED_VARIABLE = YES;
				IPHONEOS_DEPLOYMENT_TARGET = 17.0;
				LOCALIZATION_PREFERS_STRING_CATALOGS = YES;
				MTL_ENABLE_DEBUG_INFO = NO;
				MTL_FAST_MATH = YES;
				SDKROOT = iphoneos;
				SWIFT_COMPILATION_MODE = wholemodule;
				VALIDATE_PRODUCT = YES;
			};
			name = Release;
		};
		C4C422AD2B7394FA0026C957 /* Debug */ = {
			isa = XCBuildConfiguration;
			buildSettings = {
				ASSETCATALOG_COMPILER_APPICON_NAME = AppIcon;
				ASSETCATALOG_COMPILER_GLOBAL_ACCENT_COLOR_NAME = AccentColor;
				CODE_SIGN_STYLE = Automatic;
				CURRENT_PROJECT_VERSION = 1;
				DEVELOPMENT_TEAM = TLP4C5J57E;
				GENERATE_INFOPLIST_FILE = YES;
				INFOPLIST_FILE = AmofintechTask/Resources/Plists/Info.plist;
				INFOPLIST_KEY_UIApplicationSupportsIndirectInputEvents = YES;
				INFOPLIST_KEY_UILaunchStoryboardName = LaunchScreen;
				INFOPLIST_KEY_UISupportedInterfaceOrientations = "UIInterfaceOrientationLandscapeLeft UIInterfaceOrientationLandscapeRight UIInterfaceOrientationPortrait";
				INFOPLIST_KEY_UISupportedInterfaceOrientations_iPad = "UIInterfaceOrientationPortrait UIInterfaceOrientationPortraitUpsideDown";
				LD_RUNPATH_SEARCH_PATHS = (
					"$(inherited)",
					"@executable_path/Frameworks",
				);
				MARKETING_VERSION = 1.0;
				PRODUCT_BUNDLE_IDENTIFIER = com.kostilal.AmofintechTask;
				PRODUCT_NAME = "$(TARGET_NAME)";
				SWIFT_EMIT_LOC_STRINGS = YES;
				SWIFT_VERSION = 5.0;
				TARGETED_DEVICE_FAMILY = "1,2";
			};
			name = Debug;
		};
		C4C422AE2B7394FA0026C957 /* Release */ = {
			isa = XCBuildConfiguration;
			buildSettings = {
				ASSETCATALOG_COMPILER_APPICON_NAME = AppIcon;
				ASSETCATALOG_COMPILER_GLOBAL_ACCENT_COLOR_NAME = AccentColor;
				CODE_SIGN_STYLE = Automatic;
				CURRENT_PROJECT_VERSION = 1;
				DEVELOPMENT_TEAM = TLP4C5J57E;
				GENERATE_INFOPLIST_FILE = YES;
				INFOPLIST_FILE = AmofintechTask/Resources/Plists/Info.plist;
				INFOPLIST_KEY_UIApplicationSupportsIndirectInputEvents = YES;
				INFOPLIST_KEY_UILaunchStoryboardName = LaunchScreen;
				INFOPLIST_KEY_UISupportedInterfaceOrientations = "UIInterfaceOrientationLandscapeLeft UIInterfaceOrientationLandscapeRight UIInterfaceOrientationPortrait";
				INFOPLIST_KEY_UISupportedInterfaceOrientations_iPad = "UIInterfaceOrientationPortrait UIInterfaceOrientationPortraitUpsideDown";
				LD_RUNPATH_SEARCH_PATHS = (
					"$(inherited)",
					"@executable_path/Frameworks",
				);
				MARKETING_VERSION = 1.0;
				PRODUCT_BUNDLE_IDENTIFIER = com.kostilal.AmofintechTask;
				PRODUCT_NAME = "$(TARGET_NAME)";
				SWIFT_EMIT_LOC_STRINGS = YES;
				SWIFT_VERSION = 5.0;
				TARGETED_DEVICE_FAMILY = "1,2";
			};
			name = Release;
		};
/* End XCBuildConfiguration section */

/* Begin XCConfigurationList section */
		C4C422932B7394F70026C957 /* Build configuration list for PBXProject "AmofintechTask" */ = {
			isa = XCConfigurationList;
			buildConfigurations = (
				C4C422AA2B7394FA0026C957 /* Debug */,
				C4C422AB2B7394FA0026C957 /* Release */,
			);
			defaultConfigurationIsVisible = 0;
			defaultConfigurationName = Release;
		};
		C4C422AC2B7394FA0026C957 /* Build configuration list for PBXNativeTarget "AmofintechTask" */ = {
			isa = XCConfigurationList;
			buildConfigurations = (
				C4C422AD2B7394FA0026C957 /* Debug */,
				C4C422AE2B7394FA0026C957 /* Release */,
			);
			defaultConfigurationIsVisible = 0;
			defaultConfigurationName = Release;
		};
/* End XCConfigurationList section */

/* Begin XCRemoteSwiftPackageReference section */
		C4C422D02B73B4380026C957 /* XCRemoteSwiftPackageReference "Kingfisher" */ = {
			isa = XCRemoteSwiftPackageReference;
			repositoryURL = "https://github.com/onevcat/Kingfisher";
			requirement = {
				kind = upToNextMajorVersion;
				minimumVersion = 7.10.2;
			};
		};
/* End XCRemoteSwiftPackageReference section */

/* Begin XCSwiftPackageProductDependency section */
		C4C422D12B73B4380026C957 /* Kingfisher */ = {
			isa = XCSwiftPackageProductDependency;
			package = C4C422D02B73B4380026C957 /* XCRemoteSwiftPackageReference "Kingfisher" */;
			productName = Kingfisher;
		};
/* End XCSwiftPackageProductDependency section */
	};
	rootObject = C4C422902B7394F70026C957 /* Project object */;
}
